
Microsoft Visual Studio Solution File, Format Version 12.00
Project("{FAE04EC0-301F-11D3-BF4B-00C04F79EFBC}") = "LinkShortener", "LinkShortener\LinkShortener.csproj", "{459C8D58-727D-4EC6-913F-F5771C44871E}"
EndProject
Project("{FAE04EC0-301F-11D3-BF4B-00C04F79EFBC}") = "LinkShortenerCore", "LinkShortenerCore\LinkShortenerCore.csproj", "{968792FB-9C4E-4028-B7AD-512F61EAFCEE}"
EndProject
Project("{FAE04EC0-301F-11D3-BF4B-00C04F79EFBC}") = "NHibernateStore", "NHibernateStore\NHibernateStore.csproj", "{CB539662-E6E7-44D5-BA6D-B275C0FAC909}"
EndProject
Global
	GlobalSection(SolutionConfigurationPlatforms) = preSolution
		Debug|Any CPU = Debug|Any CPU
		Release|Any CPU = Release|Any CPU
	EndGlobalSection
	GlobalSection(ProjectConfigurationPlatforms) = postSolution
		{459C8D58-727D-4EC6-913F-F5771C44871E}.Debug|Any CPU.ActiveCfg = Debug|Any CPU
		{459C8D58-727D-4EC6-913F-F5771C44871E}.Debug|Any CPU.Build.0 = Debug|Any CPU
		{459C8D58-727D-4EC6-913F-F5771C44871E}.Release|Any CPU.ActiveCfg = Release|Any CPU
		{459C8D58-727D-4EC6-913F-F5771C44871E}.Release|Any CPU.Build.0 = Release|Any CPU
		{968792FB-9C4E-4028-B7AD-512F61EAFCEE}.Debug|Any CPU.ActiveCfg = Debug|Any CPU
		{968792FB-9C4E-4028-B7AD-512F61EAFCEE}.Debug|Any CPU.Build.0 = Debug|Any CPU
		{968792FB-9C4E-4028-B7AD-512F61EAFCEE}.Release|Any CPU.ActiveCfg = Release|Any CPU
		{968792FB-9C4E-4028-B7AD-512F61EAFCEE}.Release|Any CPU.Build.0 = Release|Any CPU
		{CB539662-E6E7-44D5-BA6D-B275C0FAC909}.Debug|Any CPU.ActiveCfg = Debug|Any CPU
		{CB539662-E6E7-44D5-BA6D-B275C0FAC909}.Debug|Any CPU.Build.0 = Debug|Any CPU
		{CB539662-E6E7-44D5-BA6D-B275C0FAC909}.Release|Any CPU.ActiveCfg = Release|Any CPU
		{CB539662-E6E7-44D5-BA6D-B275C0FAC909}.Release|Any CPU.Build.0 = Release|Any CPU
	EndGlobalSection
EndGlobal
